
Microsoft Visual Studio Solution File, Format Version 12.00
# Visual Studio Version 16
VisualStudioVersion = 16.0.29102.190
MinimumVisualStudioVersion = 10.0.40219.1
Project("{FAE04EC0-301F-11D3-BF4B-00C04F79EFBC}") = "SalesAdmin", "SalesAdmin\SalesAdmin.csproj", "{7C5A3F02-02F2-4184-B779-F4856B5AEC84}"
EndProject
Global
	GlobalSection(SolutionConfigurationPlatforms) = preSolution
		Debug|Any CPU = Debug|Any CPU
		Release|Any CPU = Release|Any CPU
	EndGlobalSection
	GlobalSection(ProjectConfigurationPlatforms) = postSolution
		{7C5A3F02-02F2-4184-B779-F4856B5AEC84}.Debug|Any CPU.ActiveCfg = Debug|Any CPU
		{7C5A3F02-02F2-4184-B779-F4856B5AEC84}.Debug|Any CPU.Build.0 = Debug|Any CPU
		{7C5A3F02-02F2-4184-B779-F4856B5AEC84}.Release|Any CPU.ActiveCfg = Release|Any CPU
		{7C5A3F02-02F2-4184-B779-F4856B5AEC84}.Release|Any CPU.Build.0 = Release|Any CPU
	EndGlobalSection
	GlobalSection(SolutionProperties) = preSolution
		HideSolutionNode = FALSE
	EndGlobalSection
	GlobalSection(ExtensibilityGlobals) = postSolution
		SolutionGuid = {1ACF7E9A-6440-4F4D-BC4A-CDDE97905E97}
	EndGlobalSection
EndGlobal
